
Microsoft Visual Studio Solution File, Format Version 12.00
# Visual Studio Version 17
VisualStudioVersion = 17.0.32112.339
MinimumVisualStudioVersion = 10.0.40219.1
Project("{9A19103F-16F7-4668-BE54-9A1E7A4F7556}") = "Jacobi.Vst3.Core", "Jacobi.Vst3.Core\Jacobi.Vst3.Core.csproj", "{56FB1E03-B0C4-4074-9A93-7787E07B58BC}"
EndProject
Project("{9A19103F-16F7-4668-BE54-9A1E7A4F7556}") = "Jacobi.Vst3.TestPlugin", "Jacobi.Vst3.TestPlugin\Jacobi.Vst3.TestPlugin.csproj", "{8A9C27CB-88AC-400F-A7E1-50488D5722F5}"
EndProject
Project("{8BC9CEB8-8B4A-11D0-8D11-00A0C91BC942}") = "Jacobi.Vst3.Interop", "Jacobi.Vst3.Interop\Jacobi.Vst3.Interop.vcxproj", "{761DDFE4-5A7E-425F-8729-1DD7644CDC0E}"
EndProject
Project("{2150E333-8FDC-42A3-9474-1A3956D46DE8}") = "Solution Items", "Solution Items", "{1D43AEDE-3DB0-43A4-A5D3-E29A62BB0921}"
	ProjectSection(SolutionItems) = preProject
		readme.md = readme.md
	EndProjectSection
EndProject
Project("{9A19103F-16F7-4668-BE54-9A1E7A4F7556}") = "Jacobi.Vst3.UnitTests", "Jacobi.Vst3.UnitTests\Jacobi.Vst3.UnitTests.csproj", "{A404C4E7-C2D9-45AA-BAAD-0BFCB338F5F7}"
EndProject
Project("{2150E333-8FDC-42A3-9474-1A3956D46DE8}") = "Samples", "Samples", "{1D0D46BC-1F90-43C8-9F99-74E629714DA2}"
EndProject
Project("{2150E333-8FDC-42A3-9474-1A3956D46DE8}") = "VST-Hosting", "VST-Hosting", "{438E84F5-5391-445B-BDA3-05525E26E428}"
EndProject
Project("{9A19103F-16F7-4668-BE54-9A1E7A4F7556}") = "AudioHost", "..\Samples\VST-Hosting\AudioHost\AudioHost.csproj", "{127441CD-1377-4DB4-AD8E-0F631B486BDD}"
EndProject
Project("{2150E333-8FDC-42A3-9474-1A3956D46DE8}") = "Abc", "Abc", "{0F8613B3-AA7C-4D9F-A689-590BD4C6FC31}"
EndProject
Project("{9A19103F-16F7-4668-BE54-9A1E7A4F7556}") = "Daw.Core", "..\Abc\Daw.Core\Daw.Core.csproj", "{C4F1FE60-3DD7-40CC-A4BA-B46287B0F93B}"
EndProject
Project("{9A19103F-16F7-4668-BE54-9A1E7A4F7556}") = "Daw.NAudio", "..\Abc\Daw.NAudio\Daw.NAudio.csproj", "{DBD77E31-744E-49DE-8802-9C536816FE8A}"
EndProject
Project("{9A19103F-16F7-4668-BE54-9A1E7A4F7556}") = "EditorHost", "..\Samples\VST-Hosting\EditorHost\EditorHost.csproj", "{F24AF6E4-AA5A-43D5-83D5-762C36B6EC9A}"
EndProject
Project("{9A19103F-16F7-4668-BE54-9A1E7A4F7556}") = "InspectorApp", "..\Samples\VST-Hosting\InspectorApp\InspectorApp.csproj", "{45E71865-E7AA-435F-9CFF-603BB0A99176}"
EndProject
Project("{9A19103F-16F7-4668-BE54-9A1E7A4F7556}") = "Validator", "..\Samples\VST-Hosting\Validator\Validator.csproj", "{65B374D8-BD3D-4CF4-9399-554CF0B30B6E}"
EndProject
Project("{9A19103F-16F7-4668-BE54-9A1E7A4F7556}") = "Jacobi.Vst3.TestSuite", "Jacobi.Vst3.Test\Jacobi.Vst3.TestSuite.csproj", "{88D0DB6A-6274-4533-8567-30FCEC7BDB22}"
EndProject
Global
	GlobalSection(SolutionConfigurationPlatforms) = preSolution
		Debug|Any CPU = Debug|Any CPU
		Debug|x64 = Debug|x64
		Debug|x86 = Debug|x86
		Release|Any CPU = Release|Any CPU
		Release|x64 = Release|x64
		Release|x86 = Release|x86
	EndGlobalSection
	GlobalSection(ProjectConfigurationPlatforms) = postSolution
		{56FB1E03-B0C4-4074-9A93-7787E07B58BC}.Debug|Any CPU.ActiveCfg = Debug|x64
		{56FB1E03-B0C4-4074-9A93-7787E07B58BC}.Debug|Any CPU.Build.0 = Debug|x64
		{56FB1E03-B0C4-4074-9A93-7787E07B58BC}.Debug|x64.ActiveCfg = Debug|x64
		{56FB1E03-B0C4-4074-9A93-7787E07B58BC}.Debug|x64.Build.0 = Debug|x64
		{56FB1E03-B0C4-4074-9A93-7787E07B58BC}.Debug|x86.ActiveCfg = Debug|x86
		{56FB1E03-B0C4-4074-9A93-7787E07B58BC}.Debug|x86.Build.0 = Debug|x86
		{56FB1E03-B0C4-4074-9A93-7787E07B58BC}.Release|Any CPU.ActiveCfg = Release|x64
		{56FB1E03-B0C4-4074-9A93-7787E07B58BC}.Release|Any CPU.Build.0 = Release|x64
		{56FB1E03-B0C4-4074-9A93-7787E07B58BC}.Release|x64.ActiveCfg = Release|x64
		{56FB1E03-B0C4-4074-9A93-7787E07B58BC}.Release|x64.Build.0 = Release|x64
		{56FB1E03-B0C4-4074-9A93-7787E07B58BC}.Release|x86.ActiveCfg = Release|x86
		{56FB1E03-B0C4-4074-9A93-7787E07B58BC}.Release|x86.Build.0 = Release|x86
		{8A9C27CB-88AC-400F-A7E1-50488D5722F5}.Debug|Any CPU.ActiveCfg = Debug|x64
		{8A9C27CB-88AC-400F-A7E1-50488D5722F5}.Debug|Any CPU.Build.0 = Debug|x64
		{8A9C27CB-88AC-400F-A7E1-50488D5722F5}.Debug|x64.ActiveCfg = Debug|x64
		{8A9C27CB-88AC-400F-A7E1-50488D5722F5}.Debug|x64.Build.0 = Debug|x64
		{8A9C27CB-88AC-400F-A7E1-50488D5722F5}.Debug|x86.ActiveCfg = Debug|x86
		{8A9C27CB-88AC-400F-A7E1-50488D5722F5}.Debug|x86.Build.0 = Debug|x86
		{8A9C27CB-88AC-400F-A7E1-50488D5722F5}.Release|Any CPU.ActiveCfg = Release|x64
		{8A9C27CB-88AC-400F-A7E1-50488D5722F5}.Release|Any CPU.Build.0 = Release|x64
		{8A9C27CB-88AC-400F-A7E1-50488D5722F5}.Release|x64.ActiveCfg = Release|x64
		{8A9C27CB-88AC-400F-A7E1-50488D5722F5}.Release|x64.Build.0 = Release|x64
		{8A9C27CB-88AC-400F-A7E1-50488D5722F5}.Release|x86.ActiveCfg = Release|x86
		{8A9C27CB-88AC-400F-A7E1-50488D5722F5}.Release|x86.Build.0 = Release|x86
		{761DDFE4-5A7E-425F-8729-1DD7644CDC0E}.Debug|Any CPU.ActiveCfg = Debug|x64
		{761DDFE4-5A7E-425F-8729-1DD7644CDC0E}.Debug|Any CPU.Build.0 = Debug|x64
		{761DDFE4-5A7E-425F-8729-1DD7644CDC0E}.Debug|x64.ActiveCfg = Debug|x64
		{761DDFE4-5A7E-425F-8729-1DD7644CDC0E}.Debug|x64.Build.0 = Debug|x64
		{761DDFE4-5A7E-425F-8729-1DD7644CDC0E}.Debug|x86.ActiveCfg = Debug|Win32
		{761DDFE4-5A7E-425F-8729-1DD7644CDC0E}.Debug|x86.Build.0 = Debug|Win32
		{761DDFE4-5A7E-425F-8729-1DD7644CDC0E}.Release|Any CPU.ActiveCfg = Release|x64
		{761DDFE4-5A7E-425F-8729-1DD7644CDC0E}.Release|Any CPU.Build.0 = Release|x64
		{761DDFE4-5A7E-425F-8729-1DD7644CDC0E}.Release|x64.ActiveCfg = Release|x64
		{761DDFE4-5A7E-425F-8729-1DD7644CDC0E}.Release|x64.Build.0 = Release|x64
		{761DDFE4-5A7E-425F-8729-1DD7644CDC0E}.Release|x86.ActiveCfg = Release|Win32
		{761DDFE4-5A7E-425F-8729-1DD7644CDC0E}.Release|x86.Build.0 = Release|Win32
		{A404C4E7-C2D9-45AA-BAAD-0BFCB338F5F7}.Debug|Any CPU.ActiveCfg = Debug|x64
		{A404C4E7-C2D9-45AA-BAAD-0BFCB338F5F7}.Debug|Any CPU.Build.0 = Debug|x64
		{A404C4E7-C2D9-45AA-BAAD-0BFCB338F5F7}.Debug|x64.ActiveCfg = Debug|x64
		{A404C4E7-C2D9-45AA-BAAD-0BFCB338F5F7}.Debug|x64.Build.0 = Debug|x64
		{A404C4E7-C2D9-45AA-BAAD-0BFCB338F5F7}.Debug|x86.ActiveCfg = Debug|x86
		{A404C4E7-C2D9-45AA-BAAD-0BFCB338F5F7}.Debug|x86.Build.0 = Debug|x86
		{A404C4E7-C2D9-45AA-BAAD-0BFCB338F5F7}.Release|Any CPU.ActiveCfg = Release|x64
		{A404C4E7-C2D9-45AA-BAAD-0BFCB338F5F7}.Release|Any CPU.Build.0 = Release|x64
		{A404C4E7-C2D9-45AA-BAAD-0BFCB338F5F7}.Release|x64.ActiveCfg = Release|x64
		{A404C4E7-C2D9-45AA-BAAD-0BFCB338F5F7}.Release|x64.Build.0 = Release|x64
		{A404C4E7-C2D9-45AA-BAAD-0BFCB338F5F7}.Release|x86.ActiveCfg = Release|x86
		{A404C4E7-C2D9-45AA-BAAD-0BFCB338F5F7}.Release|x86.Build.0 = Release|x86
		{127441CD-1377-4DB4-AD8E-0F631B486BDD}.Debug|Any CPU.ActiveCfg = Debug|Any CPU
		{127441CD-1377-4DB4-AD8E-0F631B486BDD}.Debug|Any CPU.Build.0 = Debug|Any CPU
		{127441CD-1377-4DB4-AD8E-0F631B486BDD}.Debug|x64.ActiveCfg = Debug|Any CPU
		{127441CD-1377-4DB4-AD8E-0F631B486BDD}.Debug|x64.Build.0 = Debug|Any CPU
		{127441CD-1377-4DB4-AD8E-0F631B486BDD}.Debug|x86.ActiveCfg = Debug|Any CPU
		{127441CD-1377-4DB4-AD8E-0F631B486BDD}.Debug|x86.Build.0 = Debug|Any CPU
		{127441CD-1377-4DB4-AD8E-0F631B486BDD}.Release|Any CPU.ActiveCfg = Release|Any CPU
		{127441CD-1377-4DB4-AD8E-0F631B486BDD}.Release|Any CPU.Build.0 = Release|Any CPU
		{127441CD-1377-4DB4-AD8E-0F631B486BDD}.Release|x64.ActiveCfg = Release|Any CPU
		{127441CD-1377-4DB4-AD8E-0F631B486BDD}.Release|x64.Build.0 = Release|Any CPU
		{127441CD-1377-4DB4-AD8E-0F631B486BDD}.Release|x86.ActiveCfg = Release|Any CPU
		{127441CD-1377-4DB4-AD8E-0F631B486BDD}.Release|x86.Build.0 = Release|Any CPU
		{C4F1FE60-3DD7-40CC-A4BA-B46287B0F93B}.Debug|Any CPU.ActiveCfg = Debug|x64
		{C4F1FE60-3DD7-40CC-A4BA-B46287B0F93B}.Debug|Any CPU.Build.0 = Debug|x64
		{C4F1FE60-3DD7-40CC-A4BA-B46287B0F93B}.Debug|x64.ActiveCfg = Debug|x64
		{C4F1FE60-3DD7-40CC-A4BA-B46287B0F93B}.Debug|x64.Build.0 = Debug|x64
		{C4F1FE60-3DD7-40CC-A4BA-B46287B0F93B}.Debug|x86.ActiveCfg = Debug|x64
		{C4F1FE60-3DD7-40CC-A4BA-B46287B0F93B}.Debug|x86.Build.0 = Debug|x64
		{C4F1FE60-3DD7-40CC-A4BA-B46287B0F93B}.Release|Any CPU.ActiveCfg = Release|x64
		{C4F1FE60-3DD7-40CC-A4BA-B46287B0F93B}.Release|Any CPU.Build.0 = Release|x64
		{C4F1FE60-3DD7-40CC-A4BA-B46287B0F93B}.Release|x64.ActiveCfg = Release|x64
		{C4F1FE60-3DD7-40CC-A4BA-B46287B0F93B}.Release|x64.Build.0 = Release|x64
		{C4F1FE60-3DD7-40CC-A4BA-B46287B0F93B}.Release|x86.ActiveCfg = Release|x64
		{C4F1FE60-3DD7-40CC-A4BA-B46287B0F93B}.Release|x86.Build.0 = Release|x64
		{DBD77E31-744E-49DE-8802-9C536816FE8A}.Debug|Any CPU.ActiveCfg = Debug|Any CPU
		{DBD77E31-744E-49DE-8802-9C536816FE8A}.Debug|Any CPU.Build.0 = Debug|Any CPU
		{DBD77E31-744E-49DE-8802-9C536816FE8A}.Debug|x64.ActiveCfg = Debug|Any CPU
		{DBD77E31-744E-49DE-8802-9C536816FE8A}.Debug|x64.Build.0 = Debug|Any CPU
		{DBD77E31-744E-49DE-8802-9C536816FE8A}.Debug|x86.ActiveCfg = Debug|Any CPU
		{DBD77E31-744E-49DE-8802-9C536816FE8A}.Debug|x86.Build.0 = Debug|Any CPU
		{DBD77E31-744E-49DE-8802-9C536816FE8A}.Release|Any CPU.ActiveCfg = Release|Any CPU
		{DBD77E31-744E-49DE-8802-9C536816FE8A}.Release|Any CPU.Build.0 = Release|Any CPU
		{DBD77E31-744E-49DE-8802-9C536816FE8A}.Release|x64.ActiveCfg = Release|Any CPU
		{DBD77E31-744E-49DE-8802-9C536816FE8A}.Release|x64.Build.0 = Release|Any CPU
		{DBD77E31-744E-49DE-8802-9C536816FE8A}.Release|x86.ActiveCfg = Release|Any CPU
		{DBD77E31-744E-49DE-8802-9C536816FE8A}.Release|x86.Build.0 = Release|Any CPU
		{F24AF6E4-AA5A-43D5-83D5-762C36B6EC9A}.Debug|Any CPU.ActiveCfg = Debug|Any CPU
		{F24AF6E4-AA5A-43D5-83D5-762C36B6EC9A}.Debug|Any CPU.Build.0 = Debug|Any CPU
		{F24AF6E4-AA5A-43D5-83D5-762C36B6EC9A}.Debug|x64.ActiveCfg = Debug|Any CPU
		{F24AF6E4-AA5A-43D5-83D5-762C36B6EC9A}.Debug|x64.Build.0 = Debug|Any CPU
		{F24AF6E4-AA5A-43D5-83D5-762C36B6EC9A}.Debug|x86.ActiveCfg = Debug|Any CPU
		{F24AF6E4-AA5A-43D5-83D5-762C36B6EC9A}.Debug|x86.Build.0 = Debug|Any CPU
		{F24AF6E4-AA5A-43D5-83D5-762C36B6EC9A}.Release|Any CPU.ActiveCfg = Release|Any CPU
		{F24AF6E4-AA5A-43D5-83D5-762C36B6EC9A}.Release|Any CPU.Build.0 = Release|Any CPU
		{F24AF6E4-AA5A-43D5-83D5-762C36B6EC9A}.Release|x64.ActiveCfg = Release|Any CPU
		{F24AF6E4-AA5A-43D5-83D5-762C36B6EC9A}.Release|x64.Build.0 = Release|Any CPU
		{F24AF6E4-AA5A-43D5-83D5-762C36B6EC9A}.Release|x86.ActiveCfg = Release|Any CPU
		{F24AF6E4-AA5A-43D5-83D5-762C36B6EC9A}.Release|x86.Build.0 = Release|Any CPU
		{45E71865-E7AA-435F-9CFF-603BB0A99176}.Debug|Any CPU.ActiveCfg = Debug|Any CPU
		{45E71865-E7AA-435F-9CFF-603BB0A99176}.Debug|Any CPU.Build.0 = Debug|Any CPU
		{45E71865-E7AA-435F-9CFF-603BB0A99176}.Debug|x64.ActiveCfg = Debug|Any CPU
		{45E71865-E7AA-435F-9CFF-603BB0A99176}.Debug|x64.Build.0 = Debug|Any CPU
		{45E71865-E7AA-435F-9CFF-603BB0A99176}.Debug|x86.ActiveCfg = Debug|Any CPU
		{45E71865-E7AA-435F-9CFF-603BB0A99176}.Debug|x86.Build.0 = Debug|Any CPU
		{45E71865-E7AA-435F-9CFF-603BB0A99176}.Release|Any CPU.ActiveCfg = Release|Any CPU
		{45E71865-E7AA-435F-9CFF-603BB0A99176}.Release|Any CPU.Build.0 = Release|Any CPU
		{45E71865-E7AA-435F-9CFF-603BB0A99176}.Release|x64.ActiveCfg = Release|Any CPU
		{45E71865-E7AA-435F-9CFF-603BB0A99176}.Release|x64.Build.0 = Release|Any CPU
		{45E71865-E7AA-435F-9CFF-603BB0A99176}.Release|x86.ActiveCfg = Release|Any CPU
		{45E71865-E7AA-435F-9CFF-603BB0A99176}.Release|x86.Build.0 = Release|Any CPU
		{65B374D8-BD3D-4CF4-9399-554CF0B30B6E}.Debug|Any CPU.ActiveCfg = Debug|Any CPU
		{65B374D8-BD3D-4CF4-9399-554CF0B30B6E}.Debug|Any CPU.Build.0 = Debug|Any CPU
		{65B374D8-BD3D-4CF4-9399-554CF0B30B6E}.Debug|x64.ActiveCfg = Debug|Any CPU
		{65B374D8-BD3D-4CF4-9399-554CF0B30B6E}.Debug|x64.Build.0 = Debug|Any CPU
		{65B374D8-BD3D-4CF4-9399-554CF0B30B6E}.Debug|x86.ActiveCfg = Debug|Any CPU
		{65B374D8-BD3D-4CF4-9399-554CF0B30B6E}.Debug|x86.Build.0 = Debug|Any CPU
		{65B374D8-BD3D-4CF4-9399-554CF0B30B6E}.Release|Any CPU.ActiveCfg = Release|Any CPU
		{65B374D8-BD3D-4CF4-9399-554CF0B30B6E}.Release|Any CPU.Build.0 = Release|Any CPU
		{65B374D8-BD3D-4CF4-9399-554CF0B30B6E}.Release|x64.ActiveCfg = Release|Any CPU
		{65B374D8-BD3D-4CF4-9399-554CF0B30B6E}.Release|x64.Build.0 = Release|Any CPU
		{65B374D8-BD3D-4CF4-9399-554CF0B30B6E}.Release|x86.ActiveCfg = Release|Any CPU
		{65B374D8-BD3D-4CF4-9399-554CF0B30B6E}.Release|x86.Build.0 = Release|Any CPU
		{88D0DB6A-6274-4533-8567-30FCEC7BDB22}.Debug|Any CPU.ActiveCfg = Debug|x64
		{88D0DB6A-6274-4533-8567-30FCEC7BDB22}.Debug|Any CPU.Build.0 = Debug|x64
		{88D0DB6A-6274-4533-8567-30FCEC7BDB22}.Debug|x64.ActiveCfg = Debug|x64
		{88D0DB6A-6274-4533-8567-30FCEC7BDB22}.Debug|x64.Build.0 = Debug|x64
		{88D0DB6A-6274-4533-8567-30FCEC7BDB22}.Debug|x86.ActiveCfg = Debug|x86
		{88D0DB6A-6274-4533-8567-30FCEC7BDB22}.Debug|x86.Build.0 = Debug|x86
		{88D0DB6A-6274-4533-8567-30FCEC7BDB22}.Release|Any CPU.ActiveCfg = Release|x64
		{88D0DB6A-6274-4533-8567-30FCEC7BDB22}.Release|Any CPU.Build.0 = Release|x64
		{88D0DB6A-6274-4533-8567-30FCEC7BDB22}.Release|x64.ActiveCfg = Release|x64
		{88D0DB6A-6274-4533-8567-30FCEC7BDB22}.Release|x64.Build.0 = Release|x64
		{88D0DB6A-6274-4533-8567-30FCEC7BDB22}.Release|x86.ActiveCfg = Release|x86
		{88D0DB6A-6274-4533-8567-30FCEC7BDB22}.Release|x86.Build.0 = Release|x86
	EndGlobalSection
	GlobalSection(SolutionProperties) = preSolution
		HideSolutionNode = FALSE
	EndGlobalSection
	GlobalSection(NestedProjects) = preSolution
		{438E84F5-5391-445B-BDA3-05525E26E428} = {1D0D46BC-1F90-43C8-9F99-74E629714DA2}
		{127441CD-1377-4DB4-AD8E-0F631B486BDD} = {438E84F5-5391-445B-BDA3-05525E26E428}
		{C4F1FE60-3DD7-40CC-A4BA-B46287B0F93B} = {0F8613B3-AA7C-4D9F-A689-590BD4C6FC31}
		{DBD77E31-744E-49DE-8802-9C536816FE8A} = {0F8613B3-AA7C-4D9F-A689-590BD4C6FC31}
		{F24AF6E4-AA5A-43D5-83D5-762C36B6EC9A} = {438E84F5-5391-445B-BDA3-05525E26E428}
		{45E71865-E7AA-435F-9CFF-603BB0A99176} = {438E84F5-5391-445B-BDA3-05525E26E428}
		{65B374D8-BD3D-4CF4-9399-554CF0B30B6E} = {438E84F5-5391-445B-BDA3-05525E26E428}
	EndGlobalSection
	GlobalSection(ExtensibilityGlobals) = postSolution
		SolutionGuid = {2D96DEC9-97F5-48F1-A997-1598705B9EA6}
	EndGlobalSection
EndGlobal
